
Microsoft Visual Studio Solution File, Format Version 12.00
# Visual Studio 15
VisualStudioVersion = 15.0.28010.2016
MinimumVisualStudioVersion = 10.0.40219.1
Project("{FAE04EC0-301F-11D3-BF4B-00C04F79EFBC}") = "Interface", "Interface\Interface.csproj", "{E2C800F9-3DDF-4F35-97A3-075A5DD8C8CB}"
EndProject
Project("{FAE04EC0-301F-11D3-BF4B-00C04F79EFBC}") = "BL", "BL\BL.csproj", "{1748ECCC-BBE5-4C6D-A0FD-E569BEEFE595}"
EndProject
Global
	GlobalSection(SolutionConfigurationPlatforms) = preSolution
		Debug|Any CPU = Debug|Any CPU
		Release|Any CPU = Release|Any CPU
	EndGlobalSection
	GlobalSection(ProjectConfigurationPlatforms) = postSolution
		{E2C800F9-3DDF-4F35-97A3-075A5DD8C8CB}.Debug|Any CPU.ActiveCfg = Debug|Any CPU
		{E2C800F9-3DDF-4F35-97A3-075A5DD8C8CB}.Debug|Any CPU.Build.0 = Debug|Any CPU
		{E2C800F9-3DDF-4F35-97A3-075A5DD8C8CB}.Release|Any CPU.ActiveCfg = Release|Any CPU
		{E2C800F9-3DDF-4F35-97A3-075A5DD8C8CB}.Release|Any CPU.Build.0 = Release|Any CPU
		{1748ECCC-BBE5-4C6D-A0FD-E569BEEFE595}.Debug|Any CPU.ActiveCfg = Debug|Any CPU
		{1748ECCC-BBE5-4C6D-A0FD-E569BEEFE595}.Debug|Any CPU.Build.0 = Debug|Any CPU
		{1748ECCC-BBE5-4C6D-A0FD-E569BEEFE595}.Release|Any CPU.ActiveCfg = Release|Any CPU
		{1748ECCC-BBE5-4C6D-A0FD-E569BEEFE595}.Release|Any CPU.Build.0 = Release|Any CPU
	EndGlobalSection
	GlobalSection(SolutionProperties) = preSolution
		HideSolutionNode = FALSE
	EndGlobalSection
	GlobalSection(ExtensibilityGlobals) = postSolution
		SolutionGuid = {A4E3A814-EA33-4EF6-9A69-A212A8F7693C}
	EndGlobalSection
EndGlobal
